
Microsoft Visual Studio Solution File, Format Version 12.00
# Visual Studio Version 16
VisualStudioVersion = 16.0.29001.49
MinimumVisualStudioVersion = 10.0.40219.1
Project("{8BC9CEB8-8B4A-11D0-8D11-00A0C91BC942}") = "DWL3", "DWL3\DWL3.vcxproj", "{CDEEAE52-009B-41D5-9F2F-77CF4844349E}"
EndProject
Project("{8BC9CEB8-8B4A-11D0-8D11-00A0C91BC942}") = "Ejemplo EdicionTextoEx", "Ejemplos\EdicionTextoEx\EdicionTextoEx.vcxproj", "{1DB3A50D-D838-485B-A572-F21363C74E7F}"
	ProjectSection(ProjectDependencies) = postProject
		{CDEEAE52-009B-41D5-9F2F-77CF4844349E} = {CDEEAE52-009B-41D5-9F2F-77CF4844349E}
	EndProjectSection
EndProject
Project("{8BC9CEB8-8B4A-11D0-8D11-00A0C91BC942}") = "Ejemplo ArbolEx", "Ejemplos\ArbolEx\ArbolEx.vcxproj", "{D24DD514-27B7-4059-91A7-71A55DC43561}"
	ProjectSection(ProjectDependencies) = postProject
		{CDEEAE52-009B-41D5-9F2F-77CF4844349E} = {CDEEAE52-009B-41D5-9F2F-77CF4844349E}
	EndProjectSection
EndProject
Project("{8BC9CEB8-8B4A-11D0-8D11-00A0C91BC942}") = "Ejemplo ListaEx", "Ejemplos\ListaEx\ListaEx.vcxproj", "{A2418A42-E3A1-41A1-A448-59A5F128A69B}"
	ProjectSection(ProjectDependencies) = postProject
		{CDEEAE52-009B-41D5-9F2F-77CF4844349E} = {CDEEAE52-009B-41D5-9F2F-77CF4844349E}
	EndProjectSection
EndProject
Global
	GlobalSection(SolutionConfigurationPlatforms) = preSolution
		Debug|x64 = Debug|x64
		Debug|x86 = Debug|x86
		Release|x64 = Release|x64
		Release|x86 = Release|x86
	EndGlobalSection
	GlobalSection(ProjectConfigurationPlatforms) = postSolution
		{CDEEAE52-009B-41D5-9F2F-77CF4844349E}.Debug|x64.ActiveCfg = Debug|x64
		{CDEEAE52-009B-41D5-9F2F-77CF4844349E}.Debug|x64.Build.0 = Debug|x64
		{CDEEAE52-009B-41D5-9F2F-77CF4844349E}.Debug|x86.ActiveCfg = Debug|Win32
		{CDEEAE52-009B-41D5-9F2F-77CF4844349E}.Debug|x86.Build.0 = Debug|Win32
		{CDEEAE52-009B-41D5-9F2F-77CF4844349E}.Release|x64.ActiveCfg = Release|x64
		{CDEEAE52-009B-41D5-9F2F-77CF4844349E}.Release|x64.Build.0 = Release|x64
		{CDEEAE52-009B-41D5-9F2F-77CF4844349E}.Release|x86.ActiveCfg = Release|Win32
		{CDEEAE52-009B-41D5-9F2F-77CF4844349E}.Release|x86.Build.0 = Release|Win32
		{1DB3A50D-D838-485B-A572-F21363C74E7F}.Debug|x64.ActiveCfg = Debug|x64
		{1DB3A50D-D838-485B-A572-F21363C74E7F}.Debug|x64.Build.0 = Debug|x64
		{1DB3A50D-D838-485B-A572-F21363C74E7F}.Debug|x86.ActiveCfg = Debug|Win32
		{1DB3A50D-D838-485B-A572-F21363C74E7F}.Debug|x86.Build.0 = Debug|Win32
		{1DB3A50D-D838-485B-A572-F21363C74E7F}.Release|x64.ActiveCfg = Release|x64
		{1DB3A50D-D838-485B-A572-F21363C74E7F}.Release|x64.Build.0 = Release|x64
		{1DB3A50D-D838-485B-A572-F21363C74E7F}.Release|x86.ActiveCfg = Release|Win32
		{1DB3A50D-D838-485B-A572-F21363C74E7F}.Release|x86.Build.0 = Release|Win32
		{D24DD514-27B7-4059-91A7-71A55DC43561}.Debug|x64.ActiveCfg = Debug|x64
		{D24DD514-27B7-4059-91A7-71A55DC43561}.Debug|x64.Build.0 = Debug|x64
		{D24DD514-27B7-4059-91A7-71A55DC43561}.Debug|x86.ActiveCfg = Debug|Win32
		{D24DD514-27B7-4059-91A7-71A55DC43561}.Debug|x86.Build.0 = Debug|Win32
		{D24DD514-27B7-4059-91A7-71A55DC43561}.Release|x64.ActiveCfg = Release|x64
		{D24DD514-27B7-4059-91A7-71A55DC43561}.Release|x64.Build.0 = Release|x64
		{D24DD514-27B7-4059-91A7-71A55DC43561}.Release|x86.ActiveCfg = Release|Win32
		{D24DD514-27B7-4059-91A7-71A55DC43561}.Release|x86.Build.0 = Release|Win32
		{A2418A42-E3A1-41A1-A448-59A5F128A69B}.Debug|x64.ActiveCfg = Debug|x64
		{A2418A42-E3A1-41A1-A448-59A5F128A69B}.Debug|x64.Build.0 = Debug|x64
		{A2418A42-E3A1-41A1-A448-59A5F128A69B}.Debug|x86.ActiveCfg = Debug|Win32
		{A2418A42-E3A1-41A1-A448-59A5F128A69B}.Debug|x86.Build.0 = Debug|Win32
		{A2418A42-E3A1-41A1-A448-59A5F128A69B}.Release|x64.ActiveCfg = Release|x64
		{A2418A42-E3A1-41A1-A448-59A5F128A69B}.Release|x64.Build.0 = Release|x64
		{A2418A42-E3A1-41A1-A448-59A5F128A69B}.Release|x86.ActiveCfg = Release|Win32
		{A2418A42-E3A1-41A1-A448-59A5F128A69B}.Release|x86.Build.0 = Release|Win32
	EndGlobalSection
	GlobalSection(SolutionProperties) = preSolution
		HideSolutionNode = FALSE
	EndGlobalSection
	GlobalSection(ExtensibilityGlobals) = postSolution
		SolutionGuid = {66A65588-E995-4DF7-BD67-1D8663EED94E}
	EndGlobalSection
EndGlobal
